// !$*UTF8*$!
{
	archiveVersion = 1;
	classes = {
	};
	objectVersion = 46;
	objects = {

/* Begin PBXBuildFile section */
		B2D5ADC51EFFF89D008A8574 /* AppDelegate.swift in Sources */ = {isa = PBXBuildFile; fileRef = B2D5ADC41EFFF89D008A8574 /* AppDelegate.swift */; };
		B2D5ADC71EFFF89D008A8574 /* ViewController.swift in Sources */ = {isa = PBXBuildFile; fileRef = B2D5ADC61EFFF89D008A8574 /* ViewController.swift */; };
		B2D5ADCA1EFFF89D008A8574 /* Main.storyboard in Resources */ = {isa = PBXBuildFile; fileRef = B2D5ADC81EFFF89D008A8574 /* Main.storyboard */; };
		B2D5ADCC1EFFF89D008A8574 /* Assets.xcassets in Resources */ = {isa = PBXBuildFile; fileRef = B2D5ADCB1EFFF89D008A8574 /* Assets.xcassets */; };
		B2D5ADCF1EFFF89D008A8574 /* LaunchScreen.storyboard in Resources */ = {isa = PBXBuildFile; fileRef = B2D5ADCD1EFFF89D008A8574 /* LaunchScreen.storyboard */; };
		B2D5ADDA1EFFF89D008A8574 /* EdenaCheckInTests.swift in Sources */ = {isa = PBXBuildFile; fileRef = B2D5ADD91EFFF89D008A8574 /* EdenaCheckInTests.swift */; };
		B2D5ADE51EFFF89D008A8574 /* EdenaCheckInUITests.swift in Sources */ = {isa = PBXBuildFile; fileRef = B2D5ADE41EFFF89D008A8574 /* EdenaCheckInUITests.swift */; };
		B2D5ADF31F00014B008A8574 /* LineTextField.swift in Sources */ = {isa = PBXBuildFile; fileRef = B2D5ADF21F00014B008A8574 /* LineTextField.swift */; };
		B2FC44641F010C4D00ED38F7 /* ViewConfirm.swift in Sources */ = {isa = PBXBuildFile; fileRef = B2FC44631F010C4D00ED38F7 /* ViewConfirm.swift */; };
		B66D2DBB1F1201410095951F /* MonthYearPickerView.swift in Sources */ = {isa = PBXBuildFile; fileRef = B66D2DBA1F1201410095951F /* MonthYearPickerView.swift */; };
		B697FB631F15C458001365D5 /* YPDrawSignatureView.swift in Sources */ = {isa = PBXBuildFile; fileRef = B697FB621F15C458001365D5 /* YPDrawSignatureView.swift */; };
		B6DBC3731F30483100FAE4E0 /* welcomeviewController.swift in Sources */ = {isa = PBXBuildFile; fileRef = B6DBC3721F30483100FAE4E0 /* welcomeviewController.swift */; };
/* End PBXBuildFile section */

/* Begin PBXContainerItemProxy section */
		B2D5ADD61EFFF89D008A8574 /* PBXContainerItemProxy */ = {
			isa = PBXContainerItemProxy;
			containerPortal = B2D5ADB91EFFF89D008A8574 /* Project object */;
			proxyType = 1;
			remoteGlobalIDString = B2D5ADC01EFFF89D008A8574;
			remoteInfo = EdenaCheckIn;
		};
		B2D5ADE11EFFF89D008A8574 /* PBXContainerItemProxy */ = {
			isa = PBXContainerItemProxy;
			containerPortal = B2D5ADB91EFFF89D008A8574 /* Project object */;
			proxyType = 1;
			remoteGlobalIDString = B2D5ADC01EFFF89D008A8574;
			remoteInfo = EdenaCheckIn;
		};
/* End PBXContainerItemProxy section */

/* Begin PBXFileReference section */
		B2D5ADC11EFFF89D008A8574 /* EdenaCheckIn.app */ = {isa = PBXFileReference; explicitFileType = wrapper.application; includeInIndex = 0; path = EdenaCheckIn.app; sourceTree = BUILT_PRODUCTS_DIR; };
		B2D5ADC41EFFF89D008A8574 /* AppDelegate.swift */ = {isa = PBXFileReference; lastKnownFileType = sourcecode.swift; path = AppDelegate.swift; sourceTree = "<group>"; };
		B2D5ADC61EFFF89D008A8574 /* ViewController.swift */ = {isa = PBXFileReference; lastKnownFileType = sourcecode.swift; path = ViewController.swift; sourceTree = "<group>"; };
		B2D5ADC91EFFF89D008A8574 /* Base */ = {isa = PBXFileReference; lastKnownFileType = file.storyboard; name = Base; path = Base.lproj/Main.storyboard; sourceTree = "<group>"; };
		B2D5ADCB1EFFF89D008A8574 /* Assets.xcassets */ = {isa = PBXFileReference; lastKnownFileType = folder.assetcatalog; path = Assets.xcassets; sourceTree = "<group>"; };
		B2D5ADCE1EFFF89D008A8574 /* Base */ = {isa = PBXFileReference; lastKnownFileType = file.storyboard; name = Base; path = Base.lproj/LaunchScreen.storyboard; sourceTree = "<group>"; };
		B2D5ADD01EFFF89D008A8574 /* Info.plist */ = {isa = PBXFileReference; lastKnownFileType = text.plist.xml; path = Info.plist; sourceTree = "<group>"; };
		B2D5ADD51EFFF89D008A8574 /* EdenaCheckInTests.xctest */ = {isa = PBXFileReference; explicitFileType = wrapper.cfbundle; includeInIndex = 0; path = EdenaCheckInTests.xctest; sourceTree = BUILT_PRODUCTS_DIR; };
		B2D5ADD91EFFF89D008A8574 /* EdenaCheckInTests.swift */ = {isa = PBXFileReference; lastKnownFileType = sourcecode.swift; path = EdenaCheckInTests.swift; sourceTree = "<group>"; };
		B2D5ADDB1EFFF89D008A8574 /* Info.plist */ = {isa = PBXFileReference; lastKnownFileType = text.plist.xml; path = Info.plist; sourceTree = "<group>"; };
		B2D5ADE01EFFF89D008A8574 /* EdenaCheckInUITests.xctest */ = {isa = PBXFileReference; explicitFileType = wrapper.cfbundle; includeInIndex = 0; path = EdenaCheckInUITests.xctest; sourceTree = BUILT_PRODUCTS_DIR; };
		B2D5ADE41EFFF89D008A8574 /* EdenaCheckInUITests.swift */ = {isa = PBXFileReference; lastKnownFileType = sourcecode.swift; path = EdenaCheckInUITests.swift; sourceTree = "<group>"; };
		B2D5ADE61EFFF89D008A8574 /* Info.plist */ = {isa = PBXFileReference; lastKnownFileType = text.plist.xml; path = Info.plist; sourceTree = "<group>"; };
		B2D5ADF21F00014B008A8574 /* LineTextField.swift */ = {isa = PBXFileReference; fileEncoding = 4; lastKnownFileType = sourcecode.swift; path = LineTextField.swift; sourceTree = "<group>"; };
		B2FC44631F010C4D00ED38F7 /* ViewConfirm.swift */ = {isa = PBXFileReference; fileEncoding = 4; lastKnownFileType = sourcecode.swift; path = ViewConfirm.swift; sourceTree = "<group>"; };
		B66D2DBA1F1201410095951F /* MonthYearPickerView.swift */ = {isa = PBXFileReference; fileEncoding = 4; lastKnownFileType = sourcecode.swift; path = MonthYearPickerView.swift; sourceTree = "<group>"; };
		B697FB621F15C458001365D5 /* YPDrawSignatureView.swift */ = {isa = PBXFileReference; fileEncoding = 4; lastKnownFileType = sourcecode.swift; path = YPDrawSignatureView.swift; sourceTree = "<group>"; };
		B6DBC3721F30483100FAE4E0 /* welcomeviewController.swift */ = {isa = PBXFileReference; fileEncoding = 4; lastKnownFileType = sourcecode.swift; path = welcomeviewController.swift; sourceTree = "<group>"; };
/* End PBXFileReference section */

/* Begin PBXFrameworksBuildPhase section */
		B2D5ADBE1EFFF89D008A8574 /* Frameworks */ = {
			isa = PBXFrameworksBuildPhase;
			buildActionMask = 2147483647;
			files = (
			);
			runOnlyForDeploymentPostprocessing = 0;
		};
		B2D5ADD21EFFF89D008A8574 /* Frameworks */ = {
			isa = PBXFrameworksBuildPhase;
			buildActionMask = 2147483647;
			files = (
			);
			runOnlyForDeploymentPostprocessing = 0;
		};
		B2D5ADDD1EFFF89D008A8574 /* Frameworks */ = {
			isa = PBXFrameworksBuildPhase;
			buildActionMask = 2147483647;
			files = (
			);
			runOnlyForDeploymentPostprocessing = 0;
		};
/* End PBXFrameworksBuildPhase section */

/* Begin PBXGroup section */
		B2D5ADB81EFFF89D008A8574 = {
			isa = PBXGroup;
			children = (
				B2D5ADC31EFFF89D008A8574 /* EdenaCheckIn */,
				B2D5ADD81EFFF89D008A8574 /* EdenaCheckInTests */,
				B2D5ADE31EFFF89D008A8574 /* EdenaCheckInUITests */,
				B2D5ADC21EFFF89D008A8574 /* Products */,
			);
			sourceTree = "<group>";
		};
		B2D5ADC21EFFF89D008A8574 /* Products */ = {
			isa = PBXGroup;
			children = (
				B2D5ADC11EFFF89D008A8574 /* EdenaCheckIn.app */,
				B2D5ADD51EFFF89D008A8574 /* EdenaCheckInTests.xctest */,
				B2D5ADE01EFFF89D008A8574 /* EdenaCheckInUITests.xctest */,
			);
			name = Products;
			sourceTree = "<group>";
		};
		B2D5ADC31EFFF89D008A8574 /* EdenaCheckIn */ = {
			isa = PBXGroup;
			children = (
				B66D2DBA1F1201410095951F /* MonthYearPickerView.swift */,
				B2D5ADC41EFFF89D008A8574 /* AppDelegate.swift */,
				B2D5ADC61EFFF89D008A8574 /* ViewController.swift */,
				B2D5ADF21F00014B008A8574 /* LineTextField.swift */,
				B2D5ADC81EFFF89D008A8574 /* Main.storyboard */,
				B697FB621F15C458001365D5 /* YPDrawSignatureView.swift */,
				B2FC44631F010C4D00ED38F7 /* ViewConfirm.swift */,
				B2D5ADCB1EFFF89D008A8574 /* Assets.xcassets */,
				B2D5ADCD1EFFF89D008A8574 /* LaunchScreen.storyboard */,
				B2D5ADD01EFFF89D008A8574 /* Info.plist */,
				B6DBC3721F30483100FAE4E0 /* welcomeviewController.swift */,
			);
			path = EdenaCheckIn;
			sourceTree = "<group>";
		};
		B2D5ADD81EFFF89D008A8574 /* EdenaCheckInTests */ = {
			isa = PBXGroup;
			children = (
				B2D5ADD91EFFF89D008A8574 /* EdenaCheckInTests.swift */,
				B2D5ADDB1EFFF89D008A8574 /* Info.plist */,
			);
			path = EdenaCheckInTests;
			sourceTree = "<group>";
		};
		B2D5ADE31EFFF89D008A8574 /* EdenaCheckInUITests */ = {
			isa = PBXGroup;
			children = (
				B2D5ADE41EFFF89D008A8574 /* EdenaCheckInUITests.swift */,
				B2D5ADE61EFFF89D008A8574 /* Info.plist */,
			);
			path = EdenaCheckInUITests;
			sourceTree = "<group>";
		};
/* End PBXGroup section */

/* Begin PBXNativeTarget section */
		B2D5ADC01EFFF89D008A8574 /* EdenaCheckIn */ = {
			isa = PBXNativeTarget;
			buildConfigurationList = B2D5ADE91EFFF89D008A8574 /* Build configuration list for PBXNativeTarget "EdenaCheckIn" */;
			buildPhases = (
				B2D5ADBD1EFFF89D008A8574 /* Sources */,
				B2D5ADBE1EFFF89D008A8574 /* Frameworks */,
				B2D5ADBF1EFFF89D008A8574 /* Resources */,
			);
			buildRules = (
			);
			dependencies = (
			);
			name = EdenaCheckIn;
			productName = EdenaCheckIn;
			productReference = B2D5ADC11EFFF89D008A8574 /* EdenaCheckIn.app */;
			productType = "com.apple.product-type.application";
		};
		B2D5ADD41EFFF89D008A8574 /* EdenaCheckInTests */ = {
			isa = PBXNativeTarget;
			buildConfigurationList = B2D5ADEC1EFFF89D008A8574 /* Build configuration list for PBXNativeTarget "EdenaCheckInTests" */;
			buildPhases = (
				B2D5ADD11EFFF89D008A8574 /* Sources */,
				B2D5ADD21EFFF89D008A8574 /* Frameworks */,
				B2D5ADD31EFFF89D008A8574 /* Resources */,
			);
			buildRules = (
			);
			dependencies = (
				B2D5ADD71EFFF89D008A8574 /* PBXTargetDependency */,
			);
			name = EdenaCheckInTests;
			productName = EdenaCheckInTests;
			productReference = B2D5ADD51EFFF89D008A8574 /* EdenaCheckInTests.xctest */;
			productType = "com.apple.product-type.bundle.unit-test";
		};
		B2D5ADDF1EFFF89D008A8574 /* EdenaCheckInUITests */ = {
			isa = PBXNativeTarget;
			buildConfigurationList = B2D5ADEF1EFFF89D008A8574 /* Build configuration list for PBXNativeTarget "EdenaCheckInUITests" */;
			buildPhases = (
				B2D5ADDC1EFFF89D008A8574 /* Sources */,
				B2D5ADDD1EFFF89D008A8574 /* Frameworks */,
				B2D5ADDE1EFFF89D008A8574 /* Resources */,
			);
			buildRules = (
			);
			dependencies = (
				B2D5ADE21EFFF89D008A8574 /* PBXTargetDependency */,
			);
			name = EdenaCheckInUITests;
			productName = EdenaCheckInUITests;
			productReference = B2D5ADE01EFFF89D008A8574 /* EdenaCheckInUITests.xctest */;
			productType = "com.apple.product-type.bundle.ui-testing";
		};
/* End PBXNativeTarget section */

/* Begin PBXProject section */
		B2D5ADB91EFFF89D008A8574 /* Project object */ = {
			isa = PBXProject;
			attributes = {
				LastSwiftUpdateCheck = 0830;
				LastUpgradeCheck = 0830;
				ORGANIZATIONNAME = EdenaResorts;
				TargetAttributes = {
					B2D5ADC01EFFF89D008A8574 = {
						CreatedOnToolsVersion = 8.3.3;
						DevelopmentTeam = G33WCJ3P9H;
						ProvisioningStyle = Automatic;
					};
					B2D5ADD41EFFF89D008A8574 = {
						CreatedOnToolsVersion = 8.3.3;
						ProvisioningStyle = Automatic;
						TestTargetID = B2D5ADC01EFFF89D008A8574;
					};
					B2D5ADDF1EFFF89D008A8574 = {
						CreatedOnToolsVersion = 8.3.3;
						ProvisioningStyle = Automatic;
						TestTargetID = B2D5ADC01EFFF89D008A8574;
					};
				};
			};
			buildConfigurationList = B2D5ADBC1EFFF89D008A8574 /* Build configuration list for PBXProject "EdenaCheckIn" */;
			compatibilityVersion = "Xcode 3.2";
			developmentRegion = English;
			hasScannedForEncodings = 0;
			knownRegions = (
				en,
				Base,
			);
			mainGroup = B2D5ADB81EFFF89D008A8574;
			productRefGroup = B2D5ADC21EFFF89D008A8574 /* Products */;
			projectDirPath = "";
			projectRoot = "";
			targets = (
				B2D5ADC01EFFF89D008A8574 /* EdenaCheckIn */,
				B2D5ADD41EFFF89D008A8574 /* EdenaCheckInTests */,
				B2D5ADDF1EFFF89D008A8574 /* EdenaCheckInUITests */,
			);
		};
/* End PBXProject section */

/* Begin PBXResourcesBuildPhase section */
		B2D5ADBF1EFFF89D008A8574 /* Resources */ = {
			isa = PBXResourcesBuildPhase;
			buildActionMask = 2147483647;
			files = (
				B2D5ADCF1EFFF89D008A8574 /* LaunchScreen.storyboard in Resources */,
				B2D5ADCC1EFFF89D008A8574 /* Assets.xcassets in Resources */,
				B2D5ADCA1EFFF89D008A8574 /* Main.storyboard in Resources */,
			);
			runOnlyForDeploymentPostprocessing = 0;
		};
		B2D5ADD31EFFF89D008A8574 /* Resources */ = {
			isa = PBXResourcesBuildPhase;
			buildActionMask = 2147483647;
			files = (
			);
			runOnlyForDeploymentPostprocessing = 0;
		};
		B2D5ADDE1EFFF89D008A8574 /* Resources */ = {
			isa = PBXResourcesBuildPhase;
			buildActionMask = 2147483647;
			files = (
			);
			runOnlyForDeploymentPostprocessing = 0;
		};
/* End PBXResourcesBuildPhase section */

/* Begin PBXSourcesBuildPhase section */
		B2D5ADBD1EFFF89D008A8574 /* Sources */ = {
			isa = PBXSourcesBuildPhase;
			buildActionMask = 2147483647;
			files = (
				B2D5ADC71EFFF89D008A8574 /* ViewController.swift in Sources */,
				B6DBC3731F30483100FAE4E0 /* welcomeviewController.swift in Sources */,
				B66D2DBB1F1201410095951F /* MonthYearPickerView.swift in Sources */,
				B697FB631F15C458001365D5 /* YPDrawSignatureView.swift in Sources */,
				B2FC44641F010C4D00ED38F7 /* ViewConfirm.swift in Sources */,
				B2D5ADF31F00014B008A8574 /* LineTextField.swift in Sources */,
				B2D5ADC51EFFF89D008A8574 /* AppDelegate.swift in Sources */,
			);
			runOnlyForDeploymentPostprocessing = 0;
		};
		B2D5ADD11EFFF89D008A8574 /* Sources */ = {
			isa = PBXSourcesBuildPhase;
			buildActionMask = 2147483647;
			files = (
				B2D5ADDA1EFFF89D008A8574 /* EdenaCheckInTests.swift in Sources */,
			);
			runOnlyForDeploymentPostprocessing = 0;
		};
		B2D5ADDC1EFFF89D008A8574 /* Sources */ = {
			isa = PBXSourcesBuildPhase;
			buildActionMask = 2147483647;
			files = (
				B2D5ADE51EFFF89D008A8574 /* EdenaCheckInUITests.swift in Sources */,
			);
			runOnlyForDeploymentPostprocessing = 0;
		};
/* End PBXSourcesBuildPhase section */

/* Begin PBXTargetDependency section */
		B2D5ADD71EFFF89D008A8574 /* PBXTargetDependency */ = {
			isa = PBXTargetDependency;
			target = B2D5ADC01EFFF89D008A8574 /* EdenaCheckIn */;
			targetProxy = B2D5ADD61EFFF89D008A8574 /* PBXContainerItemProxy */;
		};
		B2D5ADE21EFFF89D008A8574 /* PBXTargetDependency */ = {
			isa = PBXTargetDependency;
			target = B2D5ADC01EFFF89D008A8574 /* EdenaCheckIn */;
			targetProxy = B2D5ADE11EFFF89D008A8574 /* PBXContainerItemProxy */;
		};
/* End PBXTargetDependency section */

/* Begin PBXVariantGroup section */
		B2D5ADC81EFFF89D008A8574 /* Main.storyboard */ = {
			isa = PBXVariantGroup;
			children = (
				B2D5ADC91EFFF89D008A8574 /* Base */,
			);
			name = Main.storyboard;
			sourceTree = "<group>";
		};
		B2D5ADCD1EFFF89D008A8574 /* LaunchScreen.storyboard */ = {
			isa = PBXVariantGroup;
			children = (
				B2D5ADCE1EFFF89D008A8574 /* Base */,
			);
			name = LaunchScreen.storyboard;
			sourceTree = "<group>";
		};
/* End PBXVariantGroup section */

/* Begin XCBuildConfiguration section */
		B2D5ADE71EFFF89D008A8574 /* Debug */ = {
			isa = XCBuildConfiguration;
			buildSettings = {
				ALWAYS_SEARCH_USER_PATHS = NO;
				CLANG_ANALYZER_NONNULL = YES;
				CLANG_ANALYZER_NUMBER_OBJECT_CONVERSION = YES_AGGRESSIVE;
				CLANG_CXX_LANGUAGE_STANDARD = "gnu++0x";
				CLANG_CXX_LIBRARY = "libc++";
				CLANG_ENABLE_MODULES = YES;
				CLANG_ENABLE_OBJC_ARC = YES;
				CLANG_WARN_BOOL_CONVERSION = YES;
				CLANG_WARN_CONSTANT_CONVERSION = YES;
				CLANG_WARN_DIRECT_OBJC_ISA_USAGE = YES_ERROR;
				CLANG_WARN_DOCUMENTATION_COMMENTS = YES;
				CLANG_WARN_EMPTY_BODY = YES;
				CLANG_WARN_ENUM_CONVERSION = YES;
				CLANG_WARN_INFINITE_RECURSION = YES;
				CLANG_WARN_INT_CONVERSION = YES;
				CLANG_WARN_OBJC_ROOT_CLASS = YES_ERROR;
				CLANG_WARN_SUSPICIOUS_MOVE = YES;
				CLANG_WARN_UNREACHABLE_CODE = YES;
				CLANG_WARN__DUPLICATE_METHOD_MATCH = YES;
				"CODE_SIGN_IDENTITY[sdk=iphoneos*]" = "iPhone Developer";
				COPY_PHASE_STRIP = NO;
				DEBUG_INFORMATION_FORMAT = dwarf;
				ENABLE_STRICT_OBJC_MSGSEND = YES;
				ENABLE_TESTABILITY = YES;
				GCC_C_LANGUAGE_STANDARD = gnu99;
				GCC_DYNAMIC_NO_PIC = NO;
				GCC_NO_COMMON_BLOCKS = YES;
				GCC_OPTIMIZATION_LEVEL = 0;
				GCC_PREPROCESSOR_DEFINITIONS = (
					"DEBUG=1",
					"$(inherited)",
				);
				GCC_WARN_64_TO_32_BIT_CONVERSION = YES;
				GCC_WARN_ABOUT_RETURN_TYPE = YES_ERROR;
				GCC_WARN_UNDECLARED_SELECTOR = YES;
				GCC_WARN_UNINITIALIZED_AUTOS = YES_AGGRESSIVE;
				GCC_WARN_UNUSED_FUNCTION = YES;
				GCC_WARN_UNUSED_VARIABLE = YES;
				IPHONEOS_DEPLOYMENT_TARGET = 10.3;
				MTL_ENABLE_DEBUG_INFO = YES;
				ONLY_ACTIVE_ARCH = YES;
				SDKROOT = iphoneos;
				SWIFT_ACTIVE_COMPILATION_CONDITIONS = DEBUG;
				SWIFT_OPTIMIZATION_LEVEL = "-Onone";
				TARGETED_DEVICE_FAMILY = 2;
			};
			name = Debug;
		};
		B2D5ADE81EFFF89D008A8574 /* Release */ = {
			isa = XCBuildConfiguration;
			buildSettings = {
				ALWAYS_SEARCH_USER_PATHS = NO;
				CLANG_ANALYZER_NONNULL = YES;
				CLANG_ANALYZER_NUMBER_OBJECT_CONVERSION = YES_AGGRESSIVE;
				CLANG_CXX_LANGUAGE_STANDARD = "gnu++0x";
				CLANG_CXX_LIBRARY = "libc++";
				CLANG_ENABLE_MODULES = YES;
				CLANG_ENABLE_OBJC_ARC = YES;
				CLANG_WARN_BOOL_CONVERSION = YES;
				CLANG_WARN_CONSTANT_CONVERSION = YES;
				CLANG_WARN_DIRECT_OBJC_ISA_USAGE = YES_ERROR;
				CLANG_WARN_DOCUMENTATION_COMMENTS = YES;
				CLANG_WARN_EMPTY_BODY = YES;
				CLANG_WARN_ENUM_CONVERSION = YES;
				CLANG_WARN_INFINITE_RECURSION = YES;
				CLANG_WARN_INT_CONVERSION = YES;
				CLANG_WARN_OBJC_ROOT_CLASS = YES_ERROR;
				CLANG_WARN_SUSPICIOUS_MOVE = YES;
				CLANG_WARN_UNREACHABLE_CODE = YES;
				CLANG_WARN__DUPLICATE_METHOD_MATCH = YES;
				"CODE_SIGN_IDENTITY[sdk=iphoneos*]" = "iPhone Developer";
				COPY_PHASE_STRIP = NO;
				DEBUG_INFORMATION_FORMAT = "dwarf-with-dsym";
				ENABLE_NS_ASSERTIONS = NO;
				ENABLE_STRICT_OBJC_MSGSEND = YES;
				GCC_C_LANGUAGE_STANDARD = gnu99;
				GCC_NO_COMMON_BLOCKS = YES;
				GCC_WARN_64_TO_32_BIT_CONVERSION = YES;
				GCC_WARN_ABOUT_RETURN_TYPE = YES_ERROR;
				GCC_WARN_UNDECLARED_SELECTOR = YES;
				GCC_WARN_UNINITIALIZED_AUTOS = YES_AGGRESSIVE;
				GCC_WARN_UNUSED_FUNCTION = YES;
				GCC_WARN_UNUSED_VARIABLE = YES;
				IPHONEOS_DEPLOYMENT_TARGET = 10.3;
				MTL_ENABLE_DEBUG_INFO = NO;
				SDKROOT = iphoneos;
				SWIFT_OPTIMIZATION_LEVEL = "-Owholemodule";
				TARGETED_DEVICE_FAMILY = 2;
				VALIDATE_PRODUCT = YES;
			};
			name = Release;
		};
		B2D5ADEA1EFFF89D008A8574 /* Debug */ = {
			isa = XCBuildConfiguration;
			buildSettings = {
				ASSETCATALOG_COMPILER_APPICON_NAME = AppIcon;
				DEVELOPMENT_TEAM = G33WCJ3P9H;
				INFOPLIST_FILE = EdenaCheckIn/Info.plist;
				LD_RUNPATH_SEARCH_PATHS = "$(inherited) @executable_path/Frameworks";
				PRODUCT_BUNDLE_IDENTIFIER = com.edenaresorts.EdenaCheckIn;
				PRODUCT_NAME = "$(TARGET_NAME)";
				SWIFT_VERSION = 3.0;
				TARGETED_DEVICE_FAMILY = 2;
			};
			name = Debug;
		};
		B2D5ADEB1EFFF89D008A8574 /* Release */ = {
			isa = XCBuildConfiguration;
			buildSettings = {
				ASSETCATALOG_COMPILER_APPICON_NAME = AppIcon;
				DEVELOPMENT_TEAM = G33WCJ3P9H;
				INFOPLIST_FILE = EdenaCheckIn/Info.plist;
				LD_RUNPATH_SEARCH_PATHS = "$(inherited) @executable_path/Frameworks";
				PRODUCT_BUNDLE_IDENTIFIER = com.edenaresorts.EdenaCheckIn;
				PRODUCT_NAME = "$(TARGET_NAME)";
				SWIFT_VERSION = 3.0;
				TARGETED_DEVICE_FAMILY = 2;
			};
			name = Release;
		};
		B2D5ADED1EFFF89D008A8574 /* Debug */ = {
			isa = XCBuildConfiguration;
			buildSettings = {
				ALWAYS_EMBED_SWIFT_STANDARD_LIBRARIES = YES;
				BUNDLE_LOADER = "$(TEST_HOST)";
				INFOPLIST_FILE = EdenaCheckInTests/Info.plist;
				LD_RUNPATH_SEARCH_PATHS = "$(inherited) @executable_path/Frameworks @loader_path/Frameworks";
				PRODUCT_BUNDLE_IDENTIFIER = com.edenaresorts.EdenaCheckInTests;
				PRODUCT_NAME = "$(TARGET_NAME)";
				SWIFT_VERSION = 3.0;
				TEST_HOST = "$(BUILT_PRODUCTS_DIR)/EdenaCheckIn.app/EdenaCheckIn";
			};
			name = Debug;
		};
		B2D5ADEE1EFFF89D008A8574 /* Release */ = {
			isa = XCBuildConfiguration;
			buildSettings = {
				ALWAYS_EMBED_SWIFT_STANDARD_LIBRARIES = YES;
				BUNDLE_LOADER = "$(TEST_HOST)";
				INFOPLIST_FILE = EdenaCheckInTests/Info.plist;
				LD_RUNPATH_SEARCH_PATHS = "$(inherited) @executable_path/Frameworks @loader_path/Frameworks";
				PRODUCT_BUNDLE_IDENTIFIER = com.edenaresorts.EdenaCheckInTests;
				PRODUCT_NAME = "$(TARGET_NAME)";
				SWIFT_VERSION = 3.0;
				TEST_HOST = "$(BUILT_PRODUCTS_DIR)/EdenaCheckIn.app/EdenaCheckIn";
			};
			name = Release;
		};
		B2D5ADF01EFFF89D008A8574 /* Debug */ = {
			isa = XCBuildConfiguration;
			buildSettings = {
				ALWAYS_EMBED_SWIFT_STANDARD_LIBRARIES = YES;
				INFOPLIST_FILE = EdenaCheckInUITests/Info.plist;
				LD_RUNPATH_SEARCH_PATHS = "$(inherited) @executable_path/Frameworks @loader_path/Frameworks";
				PRODUCT_BUNDLE_IDENTIFIER = com.edenaresorts.EdenaCheckInUITests;
				PRODUCT_NAME = "$(TARGET_NAME)";
				SWIFT_VERSION = 3.0;
				TEST_TARGET_NAME = EdenaCheckIn;
			};
			name = Debug;
		};
		B2D5ADF11EFFF89D008A8574 /* Release */ = {
			isa = XCBuildConfiguration;
			buildSettings = {
				ALWAYS_EMBED_SWIFT_STANDARD_LIBRARIES = YES;
				INFOPLIST_FILE = EdenaCheckInUITests/Info.plist;
				LD_RUNPATH_SEARCH_PATHS = "$(inherited) @executable_path/Frameworks @loader_path/Frameworks";
				PRODUCT_BUNDLE_IDENTIFIER = com.edenaresorts.EdenaCheckInUITests;
				PRODUCT_NAME = "$(TARGET_NAME)";
				SWIFT_VERSION = 3.0;
				TEST_TARGET_NAME = EdenaCheckIn;
			};
			name = Release;
		};
/* End XCBuildConfiguration section */

/* Begin XCConfigurationList section */
		B2D5ADBC1EFFF89D008A8574 /* Build configuration list for PBXProject "EdenaCheckIn" */ = {
			isa = XCConfigurationList;
			buildConfigurations = (
				B2D5ADE71EFFF89D008A8574 /* Debug */,
				B2D5ADE81EFFF89D008A8574 /* Release */,
			);
			defaultConfigurationIsVisible = 0;
			defaultConfigurationName = Release;
		};
		B2D5ADE91EFFF89D008A8574 /* Build configuration list for PBXNativeTarget "EdenaCheckIn" */ = {
			isa = XCConfigurationList;
			buildConfigurations = (
				B2D5ADEA1EFFF89D008A8574 /* Debug */,
				B2D5ADEB1EFFF89D008A8574 /* Release */,
			);
			defaultConfigurationIsVisible = 0;
			defaultConfigurationName = Release;
		};
		B2D5ADEC1EFFF89D008A8574 /* Build configuration list for PBXNativeTarget "EdenaCheckInTests" */ = {
			isa = XCConfigurationList;
			buildConfigurations = (
				B2D5ADED1EFFF89D008A8574 /* Debug */,
				B2D5ADEE1EFFF89D008A8574 /* Release */,
			);
			defaultConfigurationIsVisible = 0;
			defaultConfigurationName = Release;
		};
		B2D5ADEF1EFFF89D008A8574 /* Build configuration list for PBXNativeTarget "EdenaCheckInUITests" */ = {
			isa = XCConfigurationList;
			buildConfigurations = (
				B2D5ADF01EFFF89D008A8574 /* Debug */,
				B2D5ADF11EFFF89D008A8574 /* Release */,
			);
			defaultConfigurationIsVisible = 0;
			defaultConfigurationName = Release;
		};
/* End XCConfigurationList section */
	};
	rootObject = B2D5ADB91EFFF89D008A8574 /* Project object */;
}
